
Microsoft Visual Studio Solution File, Format Version 12.00
# Visual Studio Version 16
VisualStudioVersion = 16.0.31025.194
MinimumVisualStudioVersion = 10.0.40219.1
Project("{9A19103F-16F7-4668-BE54-9A1E7A4F7556}") = "SearchFight", "SearchFight\SearchFight.csproj", "{909A4F9C-339B-47E2-8597-C930074D30BC}"
EndProject
Project("{FAE04EC0-301F-11D3-BF4B-00C04F79EFBC}") = "SearchFight.Services", "SearchFight.Services\SearchFight.Services.csproj", "{1C9A6458-25F5-4736-B2EC-E0DBAFA6411C}"
EndProject
Project("{FAE04EC0-301F-11D3-BF4B-00C04F79EFBC}") = "SearchFight.Common", "SearchFight.Common\SearchFight.Common.csproj", "{EB5DDE80-E76B-43BB-AB34-93DEC813213F}"
EndProject
Project("{FAE04EC0-301F-11D3-BF4B-00C04F79EFBC}") = "SearchFight.Core", "SearchFight.Core\SearchFight.Core.csproj", "{A640D953-1AB8-4E9F-B3D7-30A5722FDEAC}"
EndProject
Project("{FAE04EC0-301F-11D3-BF4B-00C04F79EFBC}") = "SearchFight.Infraestructure", "SearchFight.Infraestructure\SearchFight.Infraestructure.csproj", "{84C06E58-CD08-4921-867D-6E13014BF4D8}"
EndProject
Project("{FAE04EC0-301F-11D3-BF4B-00C04F79EFBC}") = "SearchFight.Tests", "SearchFight.Tests\SearchFight.Tests.csproj", "{8157DECB-DD7C-4219-BB1F-7798855B882B}"
EndProject
Global
	GlobalSection(SolutionConfigurationPlatforms) = preSolution
		Debug|Any CPU = Debug|Any CPU
		Release|Any CPU = Release|Any CPU
	EndGlobalSection
	GlobalSection(ProjectConfigurationPlatforms) = postSolution
		{909A4F9C-339B-47E2-8597-C930074D30BC}.Debug|Any CPU.ActiveCfg = Debug|Any CPU
		{909A4F9C-339B-47E2-8597-C930074D30BC}.Debug|Any CPU.Build.0 = Debug|Any CPU
		{909A4F9C-339B-47E2-8597-C930074D30BC}.Release|Any CPU.ActiveCfg = Release|Any CPU
		{909A4F9C-339B-47E2-8597-C930074D30BC}.Release|Any CPU.Build.0 = Release|Any CPU
		{1C9A6458-25F5-4736-B2EC-E0DBAFA6411C}.Debug|Any CPU.ActiveCfg = Debug|Any CPU
		{1C9A6458-25F5-4736-B2EC-E0DBAFA6411C}.Debug|Any CPU.Build.0 = Debug|Any CPU
		{1C9A6458-25F5-4736-B2EC-E0DBAFA6411C}.Release|Any CPU.ActiveCfg = Release|Any CPU
		{1C9A6458-25F5-4736-B2EC-E0DBAFA6411C}.Release|Any CPU.Build.0 = Release|Any CPU
		{EB5DDE80-E76B-43BB-AB34-93DEC813213F}.Debug|Any CPU.ActiveCfg = Debug|Any CPU
		{EB5DDE80-E76B-43BB-AB34-93DEC813213F}.Debug|Any CPU.Build.0 = Debug|Any CPU
		{EB5DDE80-E76B-43BB-AB34-93DEC813213F}.Release|Any CPU.ActiveCfg = Release|Any CPU
		{EB5DDE80-E76B-43BB-AB34-93DEC813213F}.Release|Any CPU.Build.0 = Release|Any CPU
		{A640D953-1AB8-4E9F-B3D7-30A5722FDEAC}.Debug|Any CPU.ActiveCfg = Debug|Any CPU
		{A640D953-1AB8-4E9F-B3D7-30A5722FDEAC}.Debug|Any CPU.Build.0 = Debug|Any CPU
		{A640D953-1AB8-4E9F-B3D7-30A5722FDEAC}.Release|Any CPU.ActiveCfg = Release|Any CPU
		{A640D953-1AB8-4E9F-B3D7-30A5722FDEAC}.Release|Any CPU.Build.0 = Release|Any CPU
		{84C06E58-CD08-4921-867D-6E13014BF4D8}.Debug|Any CPU.ActiveCfg = Debug|Any CPU
		{84C06E58-CD08-4921-867D-6E13014BF4D8}.Debug|Any CPU.Build.0 = Debug|Any CPU
		{84C06E58-CD08-4921-867D-6E13014BF4D8}.Release|Any CPU.ActiveCfg = Release|Any CPU
		{84C06E58-CD08-4921-867D-6E13014BF4D8}.Release|Any CPU.Build.0 = Release|Any CPU
		{8157DECB-DD7C-4219-BB1F-7798855B882B}.Debug|Any CPU.ActiveCfg = Debug|Any CPU
		{8157DECB-DD7C-4219-BB1F-7798855B882B}.Debug|Any CPU.Build.0 = Debug|Any CPU
		{8157DECB-DD7C-4219-BB1F-7798855B882B}.Release|Any CPU.ActiveCfg = Release|Any CPU
		{8157DECB-DD7C-4219-BB1F-7798855B882B}.Release|Any CPU.Build.0 = Release|Any CPU
	EndGlobalSection
	GlobalSection(SolutionProperties) = preSolution
		HideSolutionNode = FALSE
	EndGlobalSection
	GlobalSection(ExtensibilityGlobals) = postSolution
		SolutionGuid = {8A77E53E-4E41-42A2-86E6-5CEFC4820172}
	EndGlobalSection
EndGlobal
